
Microsoft Visual Studio Solution File, Format Version 12.00
# Visual Studio Version 16
VisualStudioVersion = 16.0.28803.156
MinimumVisualStudioVersion = 10.0.40219.1
Project("{9A19103F-16F7-4668-BE54-9A1E7A4F7556}") = "DemoWebApiJwtAuth", "DemoWebApiJwtAuth\DemoWebApiJwtAuth.csproj", "{03B91CA3-8DF3-45A0-90E8-6BC34E83907C}"
EndProject
Project("{FAE04EC0-301F-11D3-BF4B-00C04F79EFBC}") = "SimpleJwtAuth", "SimpleJwtAuth\SimpleJwtAuth.csproj", "{BB7B5268-2C17-446B-BE3C-CB81D230D170}"
EndProject
Global
	GlobalSection(SolutionConfigurationPlatforms) = preSolution
		Debug|Any CPU = Debug|Any CPU
		Release|Any CPU = Release|Any CPU
	EndGlobalSection
	GlobalSection(ProjectConfigurationPlatforms) = postSolution
		{03B91CA3-8DF3-45A0-90E8-6BC34E83907C}.Debug|Any CPU.ActiveCfg = Debug|Any CPU
		{03B91CA3-8DF3-45A0-90E8-6BC34E83907C}.Debug|Any CPU.Build.0 = Debug|Any CPU
		{03B91CA3-8DF3-45A0-90E8-6BC34E83907C}.Release|Any CPU.ActiveCfg = Release|Any CPU
		{03B91CA3-8DF3-45A0-90E8-6BC34E83907C}.Release|Any CPU.Build.0 = Release|Any CPU
		{BB7B5268-2C17-446B-BE3C-CB81D230D170}.Debug|Any CPU.ActiveCfg = Debug|Any CPU
		{BB7B5268-2C17-446B-BE3C-CB81D230D170}.Debug|Any CPU.Build.0 = Debug|Any CPU
		{BB7B5268-2C17-446B-BE3C-CB81D230D170}.Release|Any CPU.ActiveCfg = Release|Any CPU
		{BB7B5268-2C17-446B-BE3C-CB81D230D170}.Release|Any CPU.Build.0 = Release|Any CPU
	EndGlobalSection
	GlobalSection(SolutionProperties) = preSolution
		HideSolutionNode = FALSE
	EndGlobalSection
	GlobalSection(ExtensibilityGlobals) = postSolution
		SolutionGuid = {B5C87DEC-05E7-47B3-A73E-91E1C00B0099}
	EndGlobalSection
EndGlobal
